{
  "nodes": {
    "nixpkgs": {
      "locked": {
        "lastModified": 1714253743,
        "narHash": "sha256-mdTQw2XlariysyScCv2tTE45QSU9v/ezLcHJ22f0Nxc=",
        "owner": "nixos",
        "repo": "nixpkgs",
        "rev": "58a1abdbae3217ca6b702f03d3b35125d88a2994",
        "type": "github"
      },
      "original": {
        "owner": "nixos",
        "ref": "nixos-unstable",
        "repo": "nixpkgs",
        "type": "github"
      }
    },
    "pint-src": {
      "flake": false,
      "locked": {
        "lastModified": 1714955893,
        "narHash": "sha256-mDmdbmZ9VAb/gyoVXXQENV71287KIQWnJlPSB7rtiS8=",
        "ref": "refs/heads/master",
        "rev": "38f613c0f5057fe1cc540d0d04ad47aff550a30c",
        "revCount": 1168,
        "type": "git",
        "url": "ssh://git@github.com/essential-contributions/pint"
      },
      "original": {
        "type": "git",
        "url": "ssh://git@github.com/essential-contributions/pint"
      }
    },
    "root": {
      "inputs": {
        "nixpkgs": "nixpkgs",
        "pint-src": "pint-src",
        "systems": "systems"
      }
    },
    "systems": {
      "locked": {
        "lastModified": 1681028828,
        "narHash": "sha256-Vy1rq5AaRuLzOxct8nz4T6wlgyUR7zLU309k9mBC768=",
        "owner": "nix-systems",
        "repo": "default",
        "rev": "da67096a3b9bf56a91d16901293e51ba5b49a27e",
        "type": "github"
      },
      "original": {
        "owner": "nix-systems",
        "repo": "default",
        "type": "github"
      }
    }
  },
  "root": "root",
  "version": 7
}
