name: update-flake-lock

on:
  workflow_dispatch: # allows manual triggering
  schedule:
    - cron: '0 0 * * *' # runs nightly at 00:00 UTC

jobs:
  # Updates the pint-src flake input and open a PR with the updated flake.lock.
  lockfile:
    runs-on: ubuntu-latest
    steps:
      - uses: actions/checkout@v3
      - uses: webfactory/ssh-agent@v0.9.0
        with:
          ssh-private-key: |
              ${{ secrets.SSH_KEY_BASE }}
              ${{ secrets.SSH_KEY_PINT }}
      - uses: DeterminateSystems/nix-installer-action@v10
      - uses: DeterminateSystems/update-flake-lock@v21
        with:
          inputs: pint-src
