name: update-flake-lock

on:
  workflow_dispatch: # allows manual triggering
  schedule:
    - cron: '0 0 * * *' # runs nightly at 00:00 UTC

jobs:
  # Updates the pint-src flake input and opens a PR with the updated flake.lock.
  lockfile:
    runs-on: ubuntu-latest
    permissions:
      contents: write
      pull-requests: write
    steps:
      - uses: actions/checkout@v4
      - uses: DeterminateSystems/nix-installer-action@v10
      # We update `pint-src` every night, but we avoid updating `nixpkgs` every
      # night to avoid frequently invalidating both the CI and users' cache.
      # Instead, we only update `nixpkgs` on the first Sunday of each month.
      - id: nixpkgs-update-check
        run: |
          TODAY=$(date +%d)
          DOW=$(date +%u)
          if [[ $TODAY -le 7 && $DOW -eq 7 ]]; then
            echo "inputs=nixpkgs pint-src" >> $GITHUB_ENV
            echo "pr_title=Update flake.lock inputs: nixpkgs, pint-src" >> $GITHUB_ENV
          else
            echo "inputs=pint-src" >> $GITHUB_ENV
            echo "pr_title=Update flake.lock inputs: pint-src" >> $GITHUB_ENV
          fi
      - name: Update flake inputs
        uses: DeterminateSystems/update-flake-lock@v23
        with:
          inputs: ${{ env.inputs }}
          token: ${{ secrets.GH_PAT_FOR_CI_UPDATES }}
          pr-title: ${{ env.pr_title }}
